set_global_assignment -name DEVICE AUTO
# ============================================================================
# OpenX86 SoC (openx86_soc_top) — Quartus settings stub
# ============================================================================
#
# 说明：
# - 源文件列表与 include/search_path 由 `create_project.tcl` 从 `sim/filelists/rtl.f`
#   自动导入，避免在 .qsf 中重复维护 99+ 个文件。
# - 板卡相关约束（时钟/pin/IO 标准）建议放在 `fpga/boards/<board>/` 下，并由 Tcl 选择。
#

set_global_assignment -name TOP_LEVEL_ENTITY openx86_soc_top

# 统一把输出导向 build/，避免污染源码目录
set_global_assignment -name PROJECT_OUTPUT_DIRECTORY "D:/GitHub/openx86/openx86/build/quartus/openx86_soc"

set_global_assignment -name VERILOG_MACRO "SYNTHESIS=1"

set_global_assignment -name LAST_QUARTUS_VERSION "25.1std.0 Lite Edition"
set_global_assignment -name FAMILY "Cyclone IV E"
set_global_assignment -name SEARCH_PATH "D:/GitHub/openx86/openx86/rtl"
set_global_assignment -name SEARCH_PATH "D:/GitHub/openx86/openx86/rtl/cpu"
set_global_assignment -name SEARCH_PATH "D:/GitHub/openx86/openx86/@include"
set_global_assignment -name SYSTEMVERILOG_FILE "D:/GitHub/openx86/openx86/rtl/bus_controller.sv"
set_global_assignment -name SYSTEMVERILOG_FILE "D:/GitHub/openx86/openx86/rtl/openx86_soc_top.sv"
set_global_assignment -name SYSTEMVERILOG_FILE "D:/GitHub/openx86/openx86/rtl/chipset/chip_8237_dma.sv"
set_global_assignment -name SYSTEMVERILOG_FILE "D:/GitHub/openx86/openx86/rtl/chipset/chip_8254_pit.sv"
set_global_assignment -name SYSTEMVERILOG_FILE "D:/GitHub/openx86/openx86/rtl/chipset/chip_8259_pic.sv"
set_global_assignment -name SYSTEMVERILOG_FILE "D:/GitHub/openx86/openx86/rtl/chipset/chip_at24lc32_eeprom.sv"
set_global_assignment -name SYSTEMVERILOG_FILE "D:/GitHub/openx86/openx86/rtl/device/ide_controller.sv"
set_global_assignment -name SYSTEMVERILOG_FILE "D:/GitHub/openx86/openx86/rtl/chipset/chip_centronics_lpt.sv"
set_global_assignment -name SYSTEMVERILOG_FILE "D:/GitHub/openx86/openx86/rtl/chipset/chip_i8042_ps2.sv"
set_global_assignment -name SYSTEMVERILOG_FILE "D:/GitHub/openx86/openx86/rtl/chipset/chip_mc146818_rtc.sv"
set_global_assignment -name SYSTEMVERILOG_FILE "D:/GitHub/openx86/openx86/rtl/chipset/chip_ns16550_com.sv"
set_global_assignment -name SYSTEMVERILOG_FILE "D:/GitHub/openx86/openx86/rtl/chipset/chip_pc_bios_eeprom.sv"
set_global_assignment -name SYSTEMVERILOG_FILE "D:/GitHub/openx86/openx86/rtl/common/dual_port_rom.sv"
set_global_assignment -name SYSTEMVERILOG_FILE "D:/GitHub/openx86/openx86/rtl/common/edge_detect.sv"
set_global_assignment -name SYSTEMVERILOG_FILE "D:/GitHub/openx86/openx86/rtl/common/simple_dual_port_ram.sv"
set_global_assignment -name SYSTEMVERILOG_FILE "D:/GitHub/openx86/openx86/rtl/common/single_port_ram.sv"
set_global_assignment -name SYSTEMVERILOG_FILE "D:/GitHub/openx86/openx86/rtl/common/single_port_rom.sv"
set_global_assignment -name SYSTEMVERILOG_FILE "D:/GitHub/openx86/openx86/rtl/common/true_dual_port_ram.sv"
set_global_assignment -name SYSTEMVERILOG_FILE "D:/GitHub/openx86/openx86/rtl/cpu/stage_2_dec/stage_2_dec_decode_x87_pkg.sv"
set_global_assignment -name SYSTEMVERILOG_FILE "D:/GitHub/openx86/openx86/rtl/cpu/stage_3_exe/stage_3_exe_execute_unit_pkg.sv"
set_global_assignment -name SYSTEMVERILOG_FILE "D:/GitHub/openx86/openx86/rtl/cpu/w686_core.sv"
set_global_assignment -name SYSTEMVERILOG_FILE "D:/GitHub/openx86/openx86/rtl/cpu/w686_cpu.sv"
set_global_assignment -name SYSTEMVERILOG_FILE "D:/GitHub/openx86/openx86/rtl/cpu/stage_1_isc/stage_1_isc.sv"
set_global_assignment -name SYSTEMVERILOG_FILE "D:/GitHub/openx86/openx86/rtl/cpu/stage_1_isc/stage_1_isc_if_instruction_fetch.sv"
set_global_assignment -name SYSTEMVERILOG_FILE "D:/GitHub/openx86/openx86/rtl/cpu/stage_1_isc/stage_1_isc_mmu_memory_management_unit.sv"
set_global_assignment -name SYSTEMVERILOG_FILE "D:/GitHub/openx86/openx86/rtl/cpu/stage_1_isc/stage_1_isc_mmu_pg_paging_unit.sv"
set_global_assignment -name SYSTEMVERILOG_FILE "D:/GitHub/openx86/openx86/rtl/cpu/stage_1_isc/stage_1_isc_mmu_seg_gate_segment_descriptor_decode.sv"
set_global_assignment -name SYSTEMVERILOG_FILE "D:/GitHub/openx86/openx86/rtl/cpu/stage_1_isc/stage_1_isc_mmu_seg_segmentation_unit.sv"
set_global_assignment -name SYSTEMVERILOG_FILE "D:/GitHub/openx86/openx86/rtl/cpu/stage_1_isc/stage_1_isc_mmu_seg_segment_descriptor_cache.sv"
set_global_assignment -name SYSTEMVERILOG_FILE "D:/GitHub/openx86/openx86/rtl/cpu/stage_1_isc/stage_1_isc_mmu_seg_segment_descriptor_decode.sv"
set_global_assignment -name SYSTEMVERILOG_FILE "D:/GitHub/openx86/openx86/rtl/cpu/stage_1_isc/stage_1_isc_mmu_seg_segment_descriptor_encode.sv"
set_global_assignment -name SYSTEMVERILOG_FILE "D:/GitHub/openx86/openx86/rtl/cpu/stage_1_isc/stage_1_isc_mmu_seg_system_segment_descriptor_decode.sv"
set_global_assignment -name SYSTEMVERILOG_FILE "D:/GitHub/openx86/openx86/rtl/cpu/stage_2_dec/stage_2_dec.sv"
set_global_assignment -name SYSTEMVERILOG_FILE "D:/GitHub/openx86/openx86/rtl/cpu/stage_2_dec/stage_2_dec_decode_disp_imm.sv"
set_global_assignment -name SYSTEMVERILOG_FILE "D:/GitHub/openx86/openx86/rtl/cpu/stage_2_dec/stage_2_dec_decode_field.sv"
set_global_assignment -name SYSTEMVERILOG_FILE "D:/GitHub/openx86/openx86/rtl/cpu/stage_2_dec/stage_2_dec_decode_mod_rm.sv"
set_global_assignment -name SYSTEMVERILOG_FILE "D:/GitHub/openx86/openx86/rtl/cpu/stage_2_dec/stage_2_dec_decode_opcode_x86.sv"
set_global_assignment -name SYSTEMVERILOG_FILE "D:/GitHub/openx86/openx86/rtl/cpu/stage_2_dec/stage_2_dec_decode_prefix.sv"
set_global_assignment -name SYSTEMVERILOG_FILE "D:/GitHub/openx86/openx86/rtl/cpu/stage_2_dec/stage_2_dec_decode_prefix_all.sv"
set_global_assignment -name SYSTEMVERILOG_FILE "D:/GitHub/openx86/openx86/rtl/cpu/stage_2_dec/stage_2_dec_decode_sib.sv"
set_global_assignment -name SYSTEMVERILOG_FILE "D:/GitHub/openx86/openx86/rtl/cpu/stage_2_dec/stage_2_dec_decode_unit.sv"
set_global_assignment -name SYSTEMVERILOG_FILE "D:/GitHub/openx86/openx86/rtl/cpu/stage_2_dec/stage_2_dec_decode_x87_esc.sv"
set_global_assignment -name SYSTEMVERILOG_FILE "D:/GitHub/openx86/openx86/rtl/cpu/stage_3_exe/stage_3_exe.sv"
set_global_assignment -name SYSTEMVERILOG_FILE "D:/GitHub/openx86/openx86/rtl/cpu/stage_3_exe/stage_3_exe_address_generation_unit.sv"
set_global_assignment -name SYSTEMVERILOG_FILE "D:/GitHub/openx86/openx86/rtl/cpu/stage_3_exe/stage_3_exe_ari_adc.sv"
set_global_assignment -name SYSTEMVERILOG_FILE "D:/GitHub/openx86/openx86/rtl/cpu/stage_3_exe/stage_3_exe_ari_add.sv"
set_global_assignment -name SYSTEMVERILOG_FILE "D:/GitHub/openx86/openx86/rtl/cpu/stage_3_exe/stage_3_exe_ari_dec.sv"
set_global_assignment -name SYSTEMVERILOG_FILE "D:/GitHub/openx86/openx86/rtl/cpu/stage_3_exe/stage_3_exe_ari_execute_arithmetic_adc.sv"
set_global_assignment -name SYSTEMVERILOG_FILE "D:/GitHub/openx86/openx86/rtl/cpu/stage_3_exe/stage_3_exe_ari_execute_arithmetic_add.sv"
set_global_assignment -name SYSTEMVERILOG_FILE "D:/GitHub/openx86/openx86/rtl/cpu/stage_3_exe/stage_3_exe_ari_execute_arithmetic_div.sv"
set_global_assignment -name SYSTEMVERILOG_FILE "D:/GitHub/openx86/openx86/rtl/cpu/stage_3_exe/stage_3_exe_ari_execute_arithmetic_mul.sv"
set_global_assignment -name SYSTEMVERILOG_FILE "D:/GitHub/openx86/openx86/rtl/cpu/stage_3_exe/stage_3_exe_ari_execute_arithmetic_sbb.sv"
set_global_assignment -name SYSTEMVERILOG_FILE "D:/GitHub/openx86/openx86/rtl/cpu/stage_3_exe/stage_3_exe_ari_execute_arithmetic_sub.sv"
set_global_assignment -name SYSTEMVERILOG_FILE "D:/GitHub/openx86/openx86/rtl/cpu/stage_3_exe/stage_3_exe_ari_inc.sv"
set_global_assignment -name SYSTEMVERILOG_FILE "D:/GitHub/openx86/openx86/rtl/cpu/stage_3_exe/stage_3_exe_ari_neg.sv"
set_global_assignment -name SYSTEMVERILOG_FILE "D:/GitHub/openx86/openx86/rtl/cpu/stage_3_exe/stage_3_exe_ari_sbb.sv"
set_global_assignment -name SYSTEMVERILOG_FILE "D:/GitHub/openx86/openx86/rtl/cpu/stage_3_exe/stage_3_exe_ari_sub.sv"
set_global_assignment -name SYSTEMVERILOG_FILE "D:/GitHub/openx86/openx86/rtl/cpu/stage_3_exe/stage_3_exe_bit_bsf.sv"
set_global_assignment -name SYSTEMVERILOG_FILE "D:/GitHub/openx86/openx86/rtl/cpu/stage_3_exe/stage_3_exe_bit_bsr.sv"
set_global_assignment -name SYSTEMVERILOG_FILE "D:/GitHub/openx86/openx86/rtl/cpu/stage_3_exe/stage_3_exe_bit_bt.sv"
set_global_assignment -name SYSTEMVERILOG_FILE "D:/GitHub/openx86/openx86/rtl/cpu/stage_3_exe/stage_3_exe_bit_btc.sv"
set_global_assignment -name SYSTEMVERILOG_FILE "D:/GitHub/openx86/openx86/rtl/cpu/stage_3_exe/stage_3_exe_bit_btr.sv"
set_global_assignment -name SYSTEMVERILOG_FILE "D:/GitHub/openx86/openx86/rtl/cpu/stage_3_exe/stage_3_exe_bit_bts.sv"
set_global_assignment -name SYSTEMVERILOG_FILE "D:/GitHub/openx86/openx86/rtl/cpu/stage_3_exe/stage_3_exe_execute_branch_unit.sv"
set_global_assignment -name SYSTEMVERILOG_FILE "D:/GitHub/openx86/openx86/rtl/cpu/stage_3_exe/stage_3_exe_execute_muldiv_unit.sv"
set_global_assignment -name SYSTEMVERILOG_FILE "D:/GitHub/openx86/openx86/rtl/cpu/stage_3_exe/stage_3_exe_execute_unit.sv"
set_global_assignment -name SYSTEMVERILOG_FILE "D:/GitHub/openx86/openx86/rtl/cpu/stage_3_exe/stage_3_exe_execute_x87_fpu.sv"
set_global_assignment -name SYSTEMVERILOG_FILE "D:/GitHub/openx86/openx86/rtl/cpu/stage_3_exe/stage_3_exe_ld_execute_load_segment.sv"
set_global_assignment -name SYSTEMVERILOG_FILE "D:/GitHub/openx86/openx86/rtl/cpu/stage_3_exe/stage_3_exe_load_store_unit.sv"
set_global_assignment -name SYSTEMVERILOG_FILE "D:/GitHub/openx86/openx86/rtl/cpu/stage_3_exe/stage_3_exe_log_and.sv"
set_global_assignment -name SYSTEMVERILOG_FILE "D:/GitHub/openx86/openx86/rtl/cpu/stage_3_exe/stage_3_exe_log_execute_logic_and.sv"
set_global_assignment -name SYSTEMVERILOG_FILE "D:/GitHub/openx86/openx86/rtl/cpu/stage_3_exe/stage_3_exe_log_execute_logic_not.sv"
set_global_assignment -name SYSTEMVERILOG_FILE "D:/GitHub/openx86/openx86/rtl/cpu/stage_3_exe/stage_3_exe_log_execute_logic_or.sv"
set_global_assignment -name SYSTEMVERILOG_FILE "D:/GitHub/openx86/openx86/rtl/cpu/stage_3_exe/stage_3_exe_log_execute_logic_xor.sv"
set_global_assignment -name SYSTEMVERILOG_FILE "D:/GitHub/openx86/openx86/rtl/cpu/stage_3_exe/stage_3_exe_log_not.sv"
set_global_assignment -name SYSTEMVERILOG_FILE "D:/GitHub/openx86/openx86/rtl/cpu/stage_3_exe/stage_3_exe_log_or.sv"
set_global_assignment -name SYSTEMVERILOG_FILE "D:/GitHub/openx86/openx86/rtl/cpu/stage_3_exe/stage_3_exe_log_xor.sv"
set_global_assignment -name SYSTEMVERILOG_FILE "D:/GitHub/openx86/openx86/rtl/cpu/stage_3_exe/stage_3_exe_misc_aaa.sv"
set_global_assignment -name SYSTEMVERILOG_FILE "D:/GitHub/openx86/openx86/rtl/cpu/stage_3_exe/stage_3_exe_misc_aad.sv"
set_global_assignment -name SYSTEMVERILOG_FILE "D:/GitHub/openx86/openx86/rtl/cpu/stage_3_exe/stage_3_exe_misc_aam.sv"
set_global_assignment -name SYSTEMVERILOG_FILE "D:/GitHub/openx86/openx86/rtl/cpu/stage_3_exe/stage_3_exe_misc_aas.sv"
set_global_assignment -name SYSTEMVERILOG_FILE "D:/GitHub/openx86/openx86/rtl/cpu/stage_3_exe/stage_3_exe_misc_arpl.sv"
set_global_assignment -name SYSTEMVERILOG_FILE "D:/GitHub/openx86/openx86/rtl/cpu/stage_3_exe/stage_3_exe_misc_bswap.sv"
set_global_assignment -name SYSTEMVERILOG_FILE "D:/GitHub/openx86/openx86/rtl/cpu/stage_3_exe/stage_3_exe_misc_cbw.sv"
set_global_assignment -name SYSTEMVERILOG_FILE "D:/GitHub/openx86/openx86/rtl/cpu/stage_3_exe/stage_3_exe_misc_cdq.sv"
set_global_assignment -name SYSTEMVERILOG_FILE "D:/GitHub/openx86/openx86/rtl/cpu/stage_3_exe/stage_3_exe_misc_clts.sv"
set_global_assignment -name SYSTEMVERILOG_FILE "D:/GitHub/openx86/openx86/rtl/cpu/stage_3_exe/stage_3_exe_misc_cmpxchg.sv"
set_global_assignment -name SYSTEMVERILOG_FILE "D:/GitHub/openx86/openx86/rtl/cpu/stage_3_exe/stage_3_exe_misc_daa.sv"
set_global_assignment -name SYSTEMVERILOG_FILE "D:/GitHub/openx86/openx86/rtl/cpu/stage_3_exe/stage_3_exe_misc_das.sv"
set_global_assignment -name SYSTEMVERILOG_FILE "D:/GitHub/openx86/openx86/rtl/cpu/stage_3_exe/stage_3_exe_misc_flag_status.sv"
set_global_assignment -name SYSTEMVERILOG_FILE "D:/GitHub/openx86/openx86/rtl/cpu/stage_3_exe/stage_3_exe_misc_imul_imm.sv"
set_global_assignment -name SYSTEMVERILOG_FILE "D:/GitHub/openx86/openx86/rtl/cpu/stage_3_exe/stage_3_exe_misc_lahf.sv"
set_global_assignment -name SYSTEMVERILOG_FILE "D:/GitHub/openx86/openx86/rtl/cpu/stage_3_exe/stage_3_exe_misc_lar.sv"
set_global_assignment -name SYSTEMVERILOG_FILE "D:/GitHub/openx86/openx86/rtl/cpu/stage_3_exe/stage_3_exe_misc_lmsw.sv"
set_global_assignment -name SYSTEMVERILOG_FILE "D:/GitHub/openx86/openx86/rtl/cpu/stage_3_exe/stage_3_exe_misc_loop_ctrl.sv"
set_global_assignment -name SYSTEMVERILOG_FILE "D:/GitHub/openx86/openx86/rtl/cpu/stage_3_exe/stage_3_exe_misc_lsl.sv"
set_global_assignment -name SYSTEMVERILOG_FILE "D:/GitHub/openx86/openx86/rtl/cpu/stage_3_exe/stage_3_exe_misc_movsx.sv"
set_global_assignment -name SYSTEMVERILOG_FILE "D:/GitHub/openx86/openx86/rtl/cpu/stage_3_exe/stage_3_exe_misc_movzx.sv"
set_global_assignment -name SYSTEMVERILOG_FILE "D:/GitHub/openx86/openx86/rtl/cpu/stage_3_exe/stage_3_exe_misc_sahf.sv"
set_global_assignment -name SYSTEMVERILOG_FILE "D:/GitHub/openx86/openx86/rtl/cpu/stage_3_exe/stage_3_exe_misc_setcc.sv"
set_global_assignment -name SYSTEMVERILOG_FILE "D:/GitHub/openx86/openx86/rtl/cpu/stage_3_exe/stage_3_exe_misc_smsw.sv"
set_global_assignment -name SYSTEMVERILOG_FILE "D:/GitHub/openx86/openx86/rtl/cpu/stage_3_exe/stage_3_exe_misc_stridx_step.sv"
set_global_assignment -name SYSTEMVERILOG_FILE "D:/GitHub/openx86/openx86/rtl/cpu/stage_3_exe/stage_3_exe_misc_verr.sv"
set_global_assignment -name SYSTEMVERILOG_FILE "D:/GitHub/openx86/openx86/rtl/cpu/stage_3_exe/stage_3_exe_misc_xadd.sv"
set_global_assignment -name SYSTEMVERILOG_FILE "D:/GitHub/openx86/openx86/rtl/cpu/stage_3_exe/stage_3_exe_misc_xchg.sv"
set_global_assignment -name SYSTEMVERILOG_FILE "D:/GitHub/openx86/openx86/rtl/cpu/stage_3_exe/stage_3_exe_rot_execute_rotate_left.sv"
set_global_assignment -name SYSTEMVERILOG_FILE "D:/GitHub/openx86/openx86/rtl/cpu/stage_3_exe/stage_3_exe_rot_execute_rotate_right.sv"
set_global_assignment -name SYSTEMVERILOG_FILE "D:/GitHub/openx86/openx86/rtl/cpu/stage_3_exe/stage_3_exe_rot_rcl.sv"
set_global_assignment -name SYSTEMVERILOG_FILE "D:/GitHub/openx86/openx86/rtl/cpu/stage_3_exe/stage_3_exe_rot_rcr.sv"
set_global_assignment -name SYSTEMVERILOG_FILE "D:/GitHub/openx86/openx86/rtl/cpu/stage_3_exe/stage_3_exe_rot_rol.sv"
set_global_assignment -name SYSTEMVERILOG_FILE "D:/GitHub/openx86/openx86/rtl/cpu/stage_3_exe/stage_3_exe_rot_ror.sv"
set_global_assignment -name SYSTEMVERILOG_FILE "D:/GitHub/openx86/openx86/rtl/cpu/stage_3_exe/stage_3_exe_shf_execute_shift_left.sv"
set_global_assignment -name SYSTEMVERILOG_FILE "D:/GitHub/openx86/openx86/rtl/cpu/stage_3_exe/stage_3_exe_shf_execute_shift_right.sv"
set_global_assignment -name SYSTEMVERILOG_FILE "D:/GitHub/openx86/openx86/rtl/cpu/stage_3_exe/stage_3_exe_shf_sar.sv"
set_global_assignment -name SYSTEMVERILOG_FILE "D:/GitHub/openx86/openx86/rtl/cpu/stage_3_exe/stage_3_exe_shf_shl.sv"
set_global_assignment -name SYSTEMVERILOG_FILE "D:/GitHub/openx86/openx86/rtl/cpu/stage_3_exe/stage_3_exe_shf_shld.sv"
set_global_assignment -name SYSTEMVERILOG_FILE "D:/GitHub/openx86/openx86/rtl/cpu/stage_3_exe/stage_3_exe_shf_shr.sv"
set_global_assignment -name SYSTEMVERILOG_FILE "D:/GitHub/openx86/openx86/rtl/cpu/stage_3_exe/stage_3_exe_shf_shrd.sv"
set_global_assignment -name SYSTEMVERILOG_FILE "D:/GitHub/openx86/openx86/rtl/cpu/stage_3_exe/stage_3_exe_w686_core_execute_i486.sv"
set_global_assignment -name SYSTEMVERILOG_FILE "D:/GitHub/openx86/openx86/rtl/cpu/stage_4_mem/stage_4_mem.sv"
set_global_assignment -name SYSTEMVERILOG_FILE "D:/GitHub/openx86/openx86/rtl/cpu/stage_4_mem/stage_4_mem_access_memory.sv"
set_global_assignment -name SYSTEMVERILOG_FILE "D:/GitHub/openx86/openx86/rtl/cpu/stage_4_mem/stage_4_mem_bus_interface_unit.sv"
set_global_assignment -name SYSTEMVERILOG_FILE "D:/GitHub/openx86/openx86/rtl/cpu/stage_5_wrb/stage_5_wrb.sv"
set_global_assignment -name SYSTEMVERILOG_FILE "D:/GitHub/openx86/openx86/rtl/cpu/register_files/rf_control_register.sv"
set_global_assignment -name SYSTEMVERILOG_FILE "D:/GitHub/openx86/openx86/rtl/cpu/register_files/rf_debug_register.sv"
set_global_assignment -name SYSTEMVERILOG_FILE "D:/GitHub/openx86/openx86/rtl/cpu/register_files/rf_flags_register.sv"
set_global_assignment -name SYSTEMVERILOG_FILE "D:/GitHub/openx86/openx86/rtl/cpu/register_files/rf_gdtr_register.sv"
set_global_assignment -name SYSTEMVERILOG_FILE "D:/GitHub/openx86/openx86/rtl/cpu/register_files/rf_general_purpose_register.sv"
set_global_assignment -name SYSTEMVERILOG_FILE "D:/GitHub/openx86/openx86/rtl/cpu/register_files/rf_idtr_register.sv"
set_global_assignment -name SYSTEMVERILOG_FILE "D:/GitHub/openx86/openx86/rtl/cpu/register_files/rf_instruction_pointer_register.sv"
set_global_assignment -name SYSTEMVERILOG_FILE "D:/GitHub/openx86/openx86/rtl/cpu/register_files/rf_segment_register.sv"
set_global_assignment -name SYSTEMVERILOG_FILE "D:/GitHub/openx86/openx86/rtl/cpu/register_files/rf_test_register.sv"
set_global_assignment -name SYSTEMVERILOG_FILE "D:/GitHub/openx86/openx86/rtl/cpu/stage_5_wrb/stage_5_wrb_wb_write_back_unit.sv"
set_global_assignment -name SYSTEMVERILOG_FILE "D:/GitHub/openx86/openx86/rtl/memory/sdram_controller.sv"
set_global_assignment -name SYSTEMVERILOG_FILE "D:/GitHub/openx86/openx86/rtl/device/ps2/ps2_host_phy.sv"
set_global_assignment -name SYSTEMVERILOG_FILE "D:/GitHub/openx86/openx86/rtl/peripheral/sdcard/sdcard_4bit_phy.sv"
set_global_assignment -name SYSTEMVERILOG_FILE "D:/GitHub/openx86/openx86/rtl/peripheral/sdcard/sdcard_native_host_4bit.sv"
set_global_assignment -name SYSTEMVERILOG_FILE "D:/GitHub/openx86/openx86/rtl/peripheral/sdcard/sdcard_controller.sv"
set_global_assignment -name SYSTEMVERILOG_FILE "D:/GitHub/openx86/openx86/rtl/device/vga/vga_font_rom.sv"
set_global_assignment -name SYSTEMVERILOG_FILE "D:/GitHub/openx86/openx86/rtl/device/vga/vga_graphics_adapter.sv"
set_global_assignment -name SYSTEMVERILOG_FILE "D:/GitHub/openx86/openx86/rtl/device/vga/vga_port.sv"
set_global_assignment -name SYSTEMVERILOG_FILE "D:/GitHub/openx86/openx86/rtl/device/vga/vga_text_color.sv"
set_global_assignment -name SYSTEMVERILOG_FILE "D:/GitHub/openx86/openx86/rtl/device/vga/vga_text_intense.sv"
set_global_assignment -name SDC_FILE "D:/GitHub/openx86/openx86/fpga/boards/generic/constraints.sdc"